// !$*UTF8*$!
{
	archiveVersion = 1;
	classes = {
	};
	objectVersion = 46;
	objects = {

/* Begin PBXBuildFile section */
		6D0B063A1A74BC1D00A71493 /* SVIndefiniteAnimatedView.m in Sources */ = {isa = PBXBuildFile; fileRef = 6D0B06351A74BC1D00A71493 /* SVIndefiniteAnimatedView.m */; };
		6D0B063B1A74BC1D00A71493 /* SVProgressHUD.bundle in Resources */ = {isa = PBXBuildFile; fileRef = 6D0B06371A74BC1D00A71493 /* SVProgressHUD.bundle */; };
		6D0B063C1A74BC1D00A71493 /* SVProgressHUD.m in Sources */ = {isa = PBXBuildFile; fileRef = 6D0B06391A74BC1D00A71493 /* SVProgressHUD.m */; };
		6D0B06421A75386D00A71493 /* MainController.m in Sources */ = {isa = PBXBuildFile; fileRef = 6D0B06411A75386D00A71493 /* MainController.m */; };
		6D0B06441A7540BA00A71493 /* icon.png in Resources */ = {isa = PBXBuildFile; fileRef = 6D0B06431A7540BA00A71493 /* icon.png */; };
		6D0B06461A7540D000A71493 /* plugin_file_cb_selected.png in Resources */ = {isa = PBXBuildFile; fileRef = 6D0B06451A7540D000A71493 /* plugin_file_cb_selected.png */; };
		6D0B064C1A7540FC00A71493 /* plugin_imagebrowser_preview_repick_normal.png in Resources */ = {isa = PBXBuildFile; fileRef = 6D0B064B1A7540FC00A71493 /* plugin_imagebrowser_preview_repick_normal.png */; };
		6D0B06501A75497400A71493 /* plugin_file_folder.png in Resources */ = {isa = PBXBuildFile; fileRef = 6D0B064F1A75497400A71493 /* plugin_file_folder.png */; };
		6DBBB51D1A74919C000767C0 /* Main.storyboard in Resources */ = {isa = PBXBuildFile; fileRef = 6DBBB51C1A74919C000767C0 /* Main.storyboard */; };
		6DC1F82F1A73E44E00158D71 /* main.m in Sources */ = {isa = PBXBuildFile; fileRef = 6DC1F82E1A73E44E00158D71 /* main.m */; };
		6DC1F8321A73E44E00158D71 /* AppDelegate.m in Sources */ = {isa = PBXBuildFile; fileRef = 6DC1F8311A73E44E00158D71 /* AppDelegate.m */; };
		6DC1F8351A73E44E00158D71 /* bpmx3.xcdatamodeld in Sources */ = {isa = PBXBuildFile; fileRef = 6DC1F8331A73E44E00158D71 /* bpmx3.xcdatamodeld */; };
		6DC1F8381A73E44E00158D71 /* LoginController.m in Sources */ = {isa = PBXBuildFile; fileRef = 6DC1F8371A73E44E00158D71 /* LoginController.m */; };
		6DC1F83D1A73E44E00158D71 /* Images.xcassets in Resources */ = {isa = PBXBuildFile; fileRef = 6DC1F83C1A73E44E00158D71 /* Images.xcassets */; };
		6DC1F8401A73E44E00158D71 /* LaunchScreen.xib in Resources */ = {isa = PBXBuildFile; fileRef = 6DC1F83E1A73E44E00158D71 /* LaunchScreen.xib */; };
		6DC1F84C1A73E44E00158D71 /* bpmx3Tests.m in Sources */ = {isa = PBXBuildFile; fileRef = 6DC1F84B1A73E44E00158D71 /* bpmx3Tests.m */; };
		6DC1F8731A73EFFE00158D71 /* alreadyMatters.png in Resources */ = {isa = PBXBuildFile; fileRef = 6DC1F86B1A73EFFE00158D71 /* alreadyMatters.png */; };
		6DC1F8741A73EFFE00158D71 /* completedMatters.png in Resources */ = {isa = PBXBuildFile; fileRef = 6DC1F86C1A73EFFE00158D71 /* completedMatters.png */; };
		6DC1F8751A73EFFE00158D71 /* myCompleted.png in Resources */ = {isa = PBXBuildFile; fileRef = 6DC1F86D1A73EFFE00158D71 /* myCompleted.png */; };
		6DC1F8761A73EFFE00158D71 /* myDraft.png in Resources */ = {isa = PBXBuildFile; fileRef = 6DC1F86E1A73EFFE00158D71 /* myDraft.png */; };
		6DC1F8771A73EFFE00158D71 /* myRequest.png in Resources */ = {isa = PBXBuildFile; fileRef = 6DC1F86F1A73EFFE00158D71 /* myRequest.png */; };
		6DC1F8781A73EFFE00158D71 /* newProcess.png in Resources */ = {isa = PBXBuildFile; fileRef = 6DC1F8701A73EFFE00158D71 /* newProcess.png */; };
		6DC1F8791A73EFFE00158D71 /* pendingMatters.png in Resources */ = {isa = PBXBuildFile; fileRef = 6DC1F8711A73EFFE00158D71 /* pendingMatters.png */; };
		6DC1F87A1A73EFFE00158D71 /* taskExe.png in Resources */ = {isa = PBXBuildFile; fileRef = 6DC1F8721A73EFFE00158D71 /* taskExe.png */; };
		6DCBA5701A7E181000E99AB6 /* MoreController.m in Sources */ = {isa = PBXBuildFile; fileRef = 6DCBA56F1A7E181000E99AB6 /* MoreController.m */; };
/* End PBXBuildFile section */

/* Begin PBXContainerItemProxy section */
		6DC1F8461A73E44E00158D71 /* PBXContainerItemProxy */ = {
			isa = PBXContainerItemProxy;
			containerPortal = 6DC1F8211A73E44D00158D71 /* Project object */;
			proxyType = 1;
			remoteGlobalIDString = 6DC1F8281A73E44D00158D71;
			remoteInfo = bpmx3;
		};
/* End PBXContainerItemProxy section */

/* Begin PBXFileReference section */
		6D0B06341A74BC1D00A71493 /* SVIndefiniteAnimatedView.h */ = {isa = PBXFileReference; fileEncoding = 4; lastKnownFileType = sourcecode.c.h; path = SVIndefiniteAnimatedView.h; sourceTree = "<group>"; };
		6D0B06351A74BC1D00A71493 /* SVIndefiniteAnimatedView.m */ = {isa = PBXFileReference; fileEncoding = 4; lastKnownFileType = sourcecode.c.objc; path = SVIndefiniteAnimatedView.m; sourceTree = "<group>"; };
		6D0B06361A74BC1D00A71493 /* SVProgressHUD-Prefix.pch */ = {isa = PBXFileReference; fileEncoding = 4; lastKnownFileType = sourcecode.c.h; path = "SVProgressHUD-Prefix.pch"; sourceTree = "<group>"; };
		6D0B06371A74BC1D00A71493 /* SVProgressHUD.bundle */ = {isa = PBXFileReference; lastKnownFileType = "wrapper.plug-in"; path = SVProgressHUD.bundle; sourceTree = "<group>"; };
		6D0B06381A74BC1D00A71493 /* SVProgressHUD.h */ = {isa = PBXFileReference; fileEncoding = 4; lastKnownFileType = sourcecode.c.h; path = SVProgressHUD.h; sourceTree = "<group>"; };
		6D0B06391A74BC1D00A71493 /* SVProgressHUD.m */ = {isa = PBXFileReference; fileEncoding = 4; lastKnownFileType = sourcecode.c.objc; path = SVProgressHUD.m; sourceTree = "<group>"; };
		6D0B06401A75386D00A71493 /* MainController.h */ = {isa = PBXFileReference; fileEncoding = 4; lastKnownFileType = sourcecode.c.h; path = MainController.h; sourceTree = "<group>"; };
		6D0B06411A75386D00A71493 /* MainController.m */ = {isa = PBXFileReference; fileEncoding = 4; lastKnownFileType = sourcecode.c.objc; path = MainController.m; sourceTree = "<group>"; };
		6D0B06431A7540BA00A71493 /* icon.png */ = {isa = PBXFileReference; lastKnownFileType = image.png; path = icon.png; sourceTree = "<group>"; };
		6D0B06451A7540D000A71493 /* plugin_file_cb_selected.png */ = {isa = PBXFileReference; lastKnownFileType = image.png; path = plugin_file_cb_selected.png; sourceTree = "<group>"; };
		6D0B064B1A7540FC00A71493 /* plugin_imagebrowser_preview_repick_normal.png */ = {isa = PBXFileReference; lastKnownFileType = image.png; path = plugin_imagebrowser_preview_repick_normal.png; sourceTree = "<group>"; };
		6D0B064F1A75497400A71493 /* plugin_file_folder.png */ = {isa = PBXFileReference; lastKnownFileType = image.png; path = plugin_file_folder.png; sourceTree = "<group>"; };
		6DBBB51C1A74919C000767C0 /* Main.storyboard */ = {isa = PBXFileReference; fileEncoding = 4; lastKnownFileType = file.storyboard; path = Main.storyboard; sourceTree = "<group>"; };
		6DC1F8291A73E44D00158D71 /* bpmx3.app */ = {isa = PBXFileReference; explicitFileType = wrapper.application; includeInIndex = 0; path = bpmx3.app; sourceTree = BUILT_PRODUCTS_DIR; };
		6DC1F82D1A73E44E00158D71 /* Info.plist */ = {isa = PBXFileReference; lastKnownFileType = text.plist.xml; path = Info.plist; sourceTree = "<group>"; };
		6DC1F82E1A73E44E00158D71 /* main.m */ = {isa = PBXFileReference; lastKnownFileType = sourcecode.c.objc; path = main.m; sourceTree = "<group>"; };
		6DC1F8301A73E44E00158D71 /* AppDelegate.h */ = {isa = PBXFileReference; lastKnownFileType = sourcecode.c.h; path = AppDelegate.h; sourceTree = "<group>"; };
		6DC1F8311A73E44E00158D71 /* AppDelegate.m */ = {isa = PBXFileReference; lastKnownFileType = sourcecode.c.objc; path = AppDelegate.m; sourceTree = "<group>"; };
		6DC1F8341A73E44E00158D71 /* bpmx3.xcdatamodel */ = {isa = PBXFileReference; lastKnownFileType = wrapper.xcdatamodel; path = bpmx3.xcdatamodel; sourceTree = "<group>"; };
		6DC1F8361A73E44E00158D71 /* LoginController.h */ = {isa = PBXFileReference; lastKnownFileType = sourcecode.c.h; name = LoginController.h; path = ../LoginController.h; sourceTree = "<group>"; };
		6DC1F8371A73E44E00158D71 /* LoginController.m */ = {isa = PBXFileReference; lastKnownFileType = sourcecode.c.objc; name = LoginController.m; path = ../LoginController.m; sourceTree = "<group>"; };
		6DC1F83C1A73E44E00158D71 /* Images.xcassets */ = {isa = PBXFileReference; lastKnownFileType = folder.assetcatalog; path = Images.xcassets; sourceTree = "<group>"; };
		6DC1F83F1A73E44E00158D71 /* Base */ = {isa = PBXFileReference; lastKnownFileType = file.xib; name = Base; path = Base.lproj/LaunchScreen.xib; sourceTree = "<group>"; };
		6DC1F8451A73E44E00158D71 /* bpmx3Tests.xctest */ = {isa = PBXFileReference; explicitFileType = wrapper.cfbundle; includeInIndex = 0; path = bpmx3Tests.xctest; sourceTree = BUILT_PRODUCTS_DIR; };
		6DC1F84A1A73E44E00158D71 /* Info.plist */ = {isa = PBXFileReference; lastKnownFileType = text.plist.xml; path = Info.plist; sourceTree = "<group>"; };
		6DC1F84B1A73E44E00158D71 /* bpmx3Tests.m */ = {isa = PBXFileReference; lastKnownFileType = sourcecode.c.objc; path = bpmx3Tests.m; sourceTree = "<group>"; };
		6DC1F86B1A73EFFE00158D71 /* alreadyMatters.png */ = {isa = PBXFileReference; lastKnownFileType = image.png; path = alreadyMatters.png; sourceTree = "<group>"; };
		6DC1F86C1A73EFFE00158D71 /* completedMatters.png */ = {isa = PBXFileReference; lastKnownFileType = image.png; path = completedMatters.png; sourceTree = "<group>"; };
		6DC1F86D1A73EFFE00158D71 /* myCompleted.png */ = {isa = PBXFileReference; lastKnownFileType = image.png; path = myCompleted.png; sourceTree = "<group>"; };
		6DC1F86E1A73EFFE00158D71 /* myDraft.png */ = {isa = PBXFileReference; lastKnownFileType = image.png; path = myDraft.png; sourceTree = "<group>"; };
		6DC1F86F1A73EFFE00158D71 /* myRequest.png */ = {isa = PBXFileReference; lastKnownFileType = image.png; path = myRequest.png; sourceTree = "<group>"; };
		6DC1F8701A73EFFE00158D71 /* newProcess.png */ = {isa = PBXFileReference; lastKnownFileType = image.png; path = newProcess.png; sourceTree = "<group>"; };
		6DC1F8711A73EFFE00158D71 /* pendingMatters.png */ = {isa = PBXFileReference; lastKnownFileType = image.png; path = pendingMatters.png; sourceTree = "<group>"; };
		6DC1F8721A73EFFE00158D71 /* taskExe.png */ = {isa = PBXFileReference; lastKnownFileType = image.png; path = taskExe.png; sourceTree = "<group>"; };
		6DCBA56E1A7E181000E99AB6 /* MoreController.h */ = {isa = PBXFileReference; fileEncoding = 4; lastKnownFileType = sourcecode.c.h; path = MoreController.h; sourceTree = "<group>"; };
		6DCBA56F1A7E181000E99AB6 /* MoreController.m */ = {isa = PBXFileReference; fileEncoding = 4; lastKnownFileType = sourcecode.c.objc; path = MoreController.m; sourceTree = "<group>"; };
/* End PBXFileReference section */

/* Begin PBXFrameworksBuildPhase section */
		6DC1F8261A73E44D00158D71 /* Frameworks */ = {
			isa = PBXFrameworksBuildPhase;
			buildActionMask = 2147483647;
			files = (
			);
			runOnlyForDeploymentPostprocessing = 0;
		};
		6DC1F8421A73E44E00158D71 /* Frameworks */ = {
			isa = PBXFrameworksBuildPhase;
			buildActionMask = 2147483647;
			files = (
			);
			runOnlyForDeploymentPostprocessing = 0;
		};
/* End PBXFrameworksBuildPhase section */

/* Begin PBXGroup section */
		6D0B06331A74BC1D00A71493 /* SVProgressHUD */ = {
			isa = PBXGroup;
			children = (
				6D0B06341A74BC1D00A71493 /* SVIndefiniteAnimatedView.h */,
				6D0B06351A74BC1D00A71493 /* SVIndefiniteAnimatedView.m */,
				6D0B06361A74BC1D00A71493 /* SVProgressHUD-Prefix.pch */,
				6D0B06371A74BC1D00A71493 /* SVProgressHUD.bundle */,
				6D0B06381A74BC1D00A71493 /* SVProgressHUD.h */,
				6D0B06391A74BC1D00A71493 /* SVProgressHUD.m */,
			);
			path = SVProgressHUD;
			sourceTree = "<group>";
		};
		6DC1F8201A73E44D00158D71 = {
			isa = PBXGroup;
			children = (
				6DC1F82B1A73E44E00158D71 /* bpmx3 */,
				6DC1F8481A73E44E00158D71 /* bpmx3Tests */,
				6DC1F82A1A73E44D00158D71 /* Products */,
			);
			sourceTree = "<group>";
		};
		6DC1F82A1A73E44D00158D71 /* Products */ = {
			isa = PBXGroup;
			children = (
				6DC1F8291A73E44D00158D71 /* bpmx3.app */,
				6DC1F8451A73E44E00158D71 /* bpmx3Tests.xctest */,
			);
			name = Products;
			sourceTree = "<group>";
		};
		6DC1F82B1A73E44E00158D71 /* bpmx3 */ = {
			isa = PBXGroup;
			children = (
				6D0B06331A74BC1D00A71493 /* SVProgressHUD */,
				6DC1F86A1A73EFFE00158D71 /* images */,
				6DC1F8551A73E55800158D71 /* controller */,
				6DC1F8561A73E55800158D71 /* dao */,
				6DC1F8581A73E55800158D71 /* service */,
				6DC1F8301A73E44E00158D71 /* AppDelegate.h */,
				6DC1F8311A73E44E00158D71 /* AppDelegate.m */,
				6DC1F83C1A73E44E00158D71 /* Images.xcassets */,
				6DC1F83E1A73E44E00158D71 /* LaunchScreen.xib */,
				6DC1F8331A73E44E00158D71 /* bpmx3.xcdatamodeld */,
				6DC1F82C1A73E44E00158D71 /* Supporting Files */,
				6DBBB51C1A74919C000767C0 /* Main.storyboard */,
			);
			path = bpmx3;
			sourceTree = "<group>";
		};
		6DC1F82C1A73E44E00158D71 /* Supporting Files */ = {
			isa = PBXGroup;
			children = (
				6DC1F82D1A73E44E00158D71 /* Info.plist */,
				6DC1F82E1A73E44E00158D71 /* main.m */,
			);
			name = "Supporting Files";
			sourceTree = "<group>";
		};
		6DC1F8481A73E44E00158D71 /* bpmx3Tests */ = {
			isa = PBXGroup;
			children = (
				6DC1F84B1A73E44E00158D71 /* bpmx3Tests.m */,
				6DC1F8491A73E44E00158D71 /* Supporting Files */,
			);
			path = bpmx3Tests;
			sourceTree = "<group>";
		};
		6DC1F8491A73E44E00158D71 /* Supporting Files */ = {
			isa = PBXGroup;
			children = (
				6DC1F84A1A73E44E00158D71 /* Info.plist */,
			);
			name = "Supporting Files";
			sourceTree = "<group>";
		};
		6DC1F8551A73E55800158D71 /* controller */ = {
			isa = PBXGroup;
			children = (
				6DC1F8361A73E44E00158D71 /* LoginController.h */,
				6DC1F8371A73E44E00158D71 /* LoginController.m */,
				6D0B06401A75386D00A71493 /* MainController.h */,
				6D0B06411A75386D00A71493 /* MainController.m */,
				6DCBA56E1A7E181000E99AB6 /* MoreController.h */,
				6DCBA56F1A7E181000E99AB6 /* MoreController.m */,
			);
			path = controller;
			sourceTree = "<group>";
		};
		6DC1F8561A73E55800158D71 /* dao */ = {
			isa = PBXGroup;
			children = (
			);
			path = dao;
			sourceTree = "<group>";
		};
		6DC1F8581A73E55800158D71 /* service */ = {
			isa = PBXGroup;
			children = (
			);
			path = service;
			sourceTree = "<group>";
		};
		6DC1F86A1A73EFFE00158D71 /* images */ = {
			isa = PBXGroup;
			children = (
				6D0B064F1A75497400A71493 /* plugin_file_folder.png */,
				6D0B064B1A7540FC00A71493 /* plugin_imagebrowser_preview_repick_normal.png */,
				6D0B06451A7540D000A71493 /* plugin_file_cb_selected.png */,
				6D0B06431A7540BA00A71493 /* icon.png */,
				6DC1F86B1A73EFFE00158D71 /* alreadyMatters.png */,
				6DC1F86C1A73EFFE00158D71 /* completedMatters.png */,
				6DC1F86D1A73EFFE00158D71 /* myCompleted.png */,
				6DC1F86E1A73EFFE00158D71 /* myDraft.png */,
				6DC1F86F1A73EFFE00158D71 /* myRequest.png */,
				6DC1F8701A73EFFE00158D71 /* newProcess.png */,
				6DC1F8711A73EFFE00158D71 /* pendingMatters.png */,
				6DC1F8721A73EFFE00158D71 /* taskExe.png */,
			);
			path = images;
			sourceTree = "<group>";
		};
/* End PBXGroup section */

/* Begin PBXNativeTarget section */
		6DC1F8281A73E44D00158D71 /* bpmx3 */ = {
			isa = PBXNativeTarget;
			buildConfigurationList = 6DC1F84F1A73E44E00158D71 /* Build configuration list for PBXNativeTarget "bpmx3" */;
			buildPhases = (
				6DC1F8251A73E44D00158D71 /* Sources */,
				6DC1F8261A73E44D00158D71 /* Frameworks */,
				6DC1F8271A73E44D00158D71 /* Resources */,
			);
			buildRules = (
			);
			dependencies = (
			);
			name = bpmx3;
			productName = bpmx3;
			productReference = 6DC1F8291A73E44D00158D71 /* bpmx3.app */;
			productType = "com.apple.product-type.application";
		};
		6DC1F8441A73E44E00158D71 /* bpmx3Tests */ = {
			isa = PBXNativeTarget;
			buildConfigurationList = 6DC1F8521A73E44E00158D71 /* Build configuration list for PBXNativeTarget "bpmx3Tests" */;
			buildPhases = (
				6DC1F8411A73E44E00158D71 /* Sources */,
				6DC1F8421A73E44E00158D71 /* Frameworks */,
				6DC1F8431A73E44E00158D71 /* Resources */,
			);
			buildRules = (
			);
			dependencies = (
				6DC1F8471A73E44E00158D71 /* PBXTargetDependency */,
			);
			name = bpmx3Tests;
			productName = bpmx3Tests;
			productReference = 6DC1F8451A73E44E00158D71 /* bpmx3Tests.xctest */;
			productType = "com.apple.product-type.bundle.unit-test";
		};
/* End PBXNativeTarget section */

/* Begin PBXProject section */
		6DC1F8211A73E44D00158D71 /* Project object */ = {
			isa = PBXProject;
			attributes = {
				LastUpgradeCheck = 0610;
				ORGANIZATIONNAME = company;
				TargetAttributes = {
					6DC1F8281A73E44D00158D71 = {
						CreatedOnToolsVersion = 6.1.1;
					};
					6DC1F8441A73E44E00158D71 = {
						CreatedOnToolsVersion = 6.1.1;
						TestTargetID = 6DC1F8281A73E44D00158D71;
					};
				};
			};
			buildConfigurationList = 6DC1F8241A73E44D00158D71 /* Build configuration list for PBXProject "bpmx3" */;
			compatibilityVersion = "Xcode 3.2";
			developmentRegion = English;
			hasScannedForEncodings = 0;
			knownRegions = (
				en,
				Base,
			);
			mainGroup = 6DC1F8201A73E44D00158D71;
			productRefGroup = 6DC1F82A1A73E44D00158D71 /* Products */;
			projectDirPath = "";
			projectRoot = "";
			targets = (
				6DC1F8281A73E44D00158D71 /* bpmx3 */,
				6DC1F8441A73E44E00158D71 /* bpmx3Tests */,
			);
		};
/* End PBXProject section */

/* Begin PBXResourcesBuildPhase section */
		6DC1F8271A73E44D00158D71 /* Resources */ = {
			isa = PBXResourcesBuildPhase;
			buildActionMask = 2147483647;
			files = (
				6D0B06441A7540BA00A71493 /* icon.png in Resources */,
				6DC1F8761A73EFFE00158D71 /* myDraft.png in Resources */,
				6DC1F8791A73EFFE00158D71 /* pendingMatters.png in Resources */,
				6DC1F8401A73E44E00158D71 /* LaunchScreen.xib in Resources */,
				6D0B06461A7540D000A71493 /* plugin_file_cb_selected.png in Resources */,
				6D0B06501A75497400A71493 /* plugin_file_folder.png in Resources */,
				6DC1F8741A73EFFE00158D71 /* completedMatters.png in Resources */,
				6DC1F83D1A73E44E00158D71 /* Images.xcassets in Resources */,
				6DBBB51D1A74919C000767C0 /* Main.storyboard in Resources */,
				6DC1F87A1A73EFFE00158D71 /* taskExe.png in Resources */,
				6D0B064C1A7540FC00A71493 /* plugin_imagebrowser_preview_repick_normal.png in Resources */,
				6D0B063B1A74BC1D00A71493 /* SVProgressHUD.bundle in Resources */,
				6DC1F8731A73EFFE00158D71 /* alreadyMatters.png in Resources */,
				6DC1F8751A73EFFE00158D71 /* myCompleted.png in Resources */,
				6DC1F8771A73EFFE00158D71 /* myRequest.png in Resources */,
				6DC1F8781A73EFFE00158D71 /* newProcess.png in Resources */,
			);
			runOnlyForDeploymentPostprocessing = 0;
		};
		6DC1F8431A73E44E00158D71 /* Resources */ = {
			isa = PBXResourcesBuildPhase;
			buildActionMask = 2147483647;
			files = (
			);
			runOnlyForDeploymentPostprocessing = 0;
		};
/* End PBXResourcesBuildPhase section */

/* Begin PBXSourcesBuildPhase section */
		6DC1F8251A73E44D00158D71 /* Sources */ = {
			isa = PBXSourcesBuildPhase;
			buildActionMask = 2147483647;
			files = (
				6D0B063A1A74BC1D00A71493 /* SVIndefiniteAnimatedView.m in Sources */,
				6DC1F8321A73E44E00158D71 /* AppDelegate.m in Sources */,
				6DCBA5701A7E181000E99AB6 /* MoreController.m in Sources */,
				6DC1F82F1A73E44E00158D71 /* main.m in Sources */,
				6DC1F8381A73E44E00158D71 /* LoginController.m in Sources */,
				6DC1F8351A73E44E00158D71 /* bpmx3.xcdatamodeld in Sources */,
				6D0B06421A75386D00A71493 /* MainController.m in Sources */,
				6D0B063C1A74BC1D00A71493 /* SVProgressHUD.m in Sources */,
			);
			runOnlyForDeploymentPostprocessing = 0;
		};
		6DC1F8411A73E44E00158D71 /* Sources */ = {
			isa = PBXSourcesBuildPhase;
			buildActionMask = 2147483647;
			files = (
				6DC1F84C1A73E44E00158D71 /* bpmx3Tests.m in Sources */,
			);
			runOnlyForDeploymentPostprocessing = 0;
		};
/* End PBXSourcesBuildPhase section */

/* Begin PBXTargetDependency section */
		6DC1F8471A73E44E00158D71 /* PBXTargetDependency */ = {
			isa = PBXTargetDependency;
			target = 6DC1F8281A73E44D00158D71 /* bpmx3 */;
			targetProxy = 6DC1F8461A73E44E00158D71 /* PBXContainerItemProxy */;
		};
/* End PBXTargetDependency section */

/* Begin PBXVariantGroup section */
		6DC1F83E1A73E44E00158D71 /* LaunchScreen.xib */ = {
			isa = PBXVariantGroup;
			children = (
				6DC1F83F1A73E44E00158D71 /* Base */,
			);
			name = LaunchScreen.xib;
			sourceTree = "<group>";
		};
/* End PBXVariantGroup section */

/* Begin XCBuildConfiguration section */
		6DC1F84D1A73E44E00158D71 /* Debug */ = {
			isa = XCBuildConfiguration;
			buildSettings = {
				ALWAYS_SEARCH_USER_PATHS = NO;
				CLANG_CXX_LANGUAGE_STANDARD = "gnu++0x";
				CLANG_CXX_LIBRARY = "libc++";
				CLANG_ENABLE_MODULES = YES;
				CLANG_ENABLE_OBJC_ARC = YES;
				CLANG_WARN_BOOL_CONVERSION = YES;
				CLANG_WARN_CONSTANT_CONVERSION = YES;
				CLANG_WARN_DIRECT_OBJC_ISA_USAGE = YES_ERROR;
				CLANG_WARN_EMPTY_BODY = YES;
				CLANG_WARN_ENUM_CONVERSION = YES;
				CLANG_WARN_INT_CONVERSION = YES;
				CLANG_WARN_OBJC_ROOT_CLASS = YES_ERROR;
				CLANG_WARN_UNREACHABLE_CODE = YES;
				CLANG_WARN__DUPLICATE_METHOD_MATCH = YES;
				"CODE_SIGN_IDENTITY[sdk=iphoneos*]" = "iPhone Developer";
				COPY_PHASE_STRIP = NO;
				ENABLE_STRICT_OBJC_MSGSEND = YES;
				GCC_C_LANGUAGE_STANDARD = gnu99;
				GCC_DYNAMIC_NO_PIC = NO;
				GCC_OPTIMIZATION_LEVEL = 0;
				GCC_PREPROCESSOR_DEFINITIONS = (
					"DEBUG=1",
					"$(inherited)",
				);
				GCC_SYMBOLS_PRIVATE_EXTERN = NO;
				GCC_WARN_64_TO_32_BIT_CONVERSION = YES;
				GCC_WARN_ABOUT_RETURN_TYPE = YES_ERROR;
				GCC_WARN_UNDECLARED_SELECTOR = YES;
				GCC_WARN_UNINITIALIZED_AUTOS = YES_AGGRESSIVE;
				GCC_WARN_UNUSED_FUNCTION = YES;
				GCC_WARN_UNUSED_VARIABLE = YES;
				IPHONEOS_DEPLOYMENT_TARGET = 8.1;
				MTL_ENABLE_DEBUG_INFO = YES;
				ONLY_ACTIVE_ARCH = YES;
				SDKROOT = iphoneos;
			};
			name = Debug;
		};
		6DC1F84E1A73E44E00158D71 /* Release */ = {
			isa = XCBuildConfiguration;
			buildSettings = {
				ALWAYS_SEARCH_USER_PATHS = NO;
				CLANG_CXX_LANGUAGE_STANDARD = "gnu++0x";
				CLANG_CXX_LIBRARY = "libc++";
				CLANG_ENABLE_MODULES = YES;
				CLANG_ENABLE_OBJC_ARC = YES;
				CLANG_WARN_BOOL_CONVERSION = YES;
				CLANG_WARN_CONSTANT_CONVERSION = YES;
				CLANG_WARN_DIRECT_OBJC_ISA_USAGE = YES_ERROR;
				CLANG_WARN_EMPTY_BODY = YES;
				CLANG_WARN_ENUM_CONVERSION = YES;
				CLANG_WARN_INT_CONVERSION = YES;
				CLANG_WARN_OBJC_ROOT_CLASS = YES_ERROR;
				CLANG_WARN_UNREACHABLE_CODE = YES;
				CLANG_WARN__DUPLICATE_METHOD_MATCH = YES;
				"CODE_SIGN_IDENTITY[sdk=iphoneos*]" = "iPhone Developer";
				COPY_PHASE_STRIP = YES;
				ENABLE_NS_ASSERTIONS = NO;
				ENABLE_STRICT_OBJC_MSGSEND = YES;
				GCC_C_LANGUAGE_STANDARD = gnu99;
				GCC_WARN_64_TO_32_BIT_CONVERSION = YES;
				GCC_WARN_ABOUT_RETURN_TYPE = YES_ERROR;
				GCC_WARN_UNDECLARED_SELECTOR = YES;
				GCC_WARN_UNINITIALIZED_AUTOS = YES_AGGRESSIVE;
				GCC_WARN_UNUSED_FUNCTION = YES;
				GCC_WARN_UNUSED_VARIABLE = YES;
				IPHONEOS_DEPLOYMENT_TARGET = 8.1;
				MTL_ENABLE_DEBUG_INFO = NO;
				SDKROOT = iphoneos;
				VALIDATE_PRODUCT = YES;
			};
			name = Release;
		};
		6DC1F8501A73E44E00158D71 /* Debug */ = {
			isa = XCBuildConfiguration;
			buildSettings = {
				ASSETCATALOG_COMPILER_APPICON_NAME = AppIcon;
				INFOPLIST_FILE = bpmx3/Info.plist;
				LD_RUNPATH_SEARCH_PATHS = "$(inherited) @executable_path/Frameworks";
				PRODUCT_NAME = "$(TARGET_NAME)";
			};
			name = Debug;
		};
		6DC1F8511A73E44E00158D71 /* Release */ = {
			isa = XCBuildConfiguration;
			buildSettings = {
				ASSETCATALOG_COMPILER_APPICON_NAME = AppIcon;
				INFOPLIST_FILE = bpmx3/Info.plist;
				LD_RUNPATH_SEARCH_PATHS = "$(inherited) @executable_path/Frameworks";
				PRODUCT_NAME = "$(TARGET_NAME)";
			};
			name = Release;
		};
		6DC1F8531A73E44E00158D71 /* Debug */ = {
			isa = XCBuildConfiguration;
			buildSettings = {
				BUNDLE_LOADER = "$(TEST_HOST)";
				FRAMEWORK_SEARCH_PATHS = (
					"$(SDKROOT)/Developer/Library/Frameworks",
					"$(inherited)",
				);
				GCC_PREPROCESSOR_DEFINITIONS = (
					"DEBUG=1",
					"$(inherited)",
				);
				INFOPLIST_FILE = bpmx3Tests/Info.plist;
				LD_RUNPATH_SEARCH_PATHS = "$(inherited) @executable_path/Frameworks @loader_path/Frameworks";
				PRODUCT_NAME = "$(TARGET_NAME)";
				TEST_HOST = "$(BUILT_PRODUCTS_DIR)/bpmx3.app/bpmx3";
			};
			name = Debug;
		};
		6DC1F8541A73E44E00158D71 /* Release */ = {
			isa = XCBuildConfiguration;
			buildSettings = {
				BUNDLE_LOADER = "$(TEST_HOST)";
				FRAMEWORK_SEARCH_PATHS = (
					"$(SDKROOT)/Developer/Library/Frameworks",
					"$(inherited)",
				);
				INFOPLIST_FILE = bpmx3Tests/Info.plist;
				LD_RUNPATH_SEARCH_PATHS = "$(inherited) @executable_path/Frameworks @loader_path/Frameworks";
				PRODUCT_NAME = "$(TARGET_NAME)";
				TEST_HOST = "$(BUILT_PRODUCTS_DIR)/bpmx3.app/bpmx3";
			};
			name = Release;
		};
/* End XCBuildConfiguration section */

/* Begin XCConfigurationList section */
		6DC1F8241A73E44D00158D71 /* Build configuration list for PBXProject "bpmx3" */ = {
			isa = XCConfigurationList;
			buildConfigurations = (
				6DC1F84D1A73E44E00158D71 /* Debug */,
				6DC1F84E1A73E44E00158D71 /* Release */,
			);
			defaultConfigurationIsVisible = 0;
			defaultConfigurationName = Release;
		};
		6DC1F84F1A73E44E00158D71 /* Build configuration list for PBXNativeTarget "bpmx3" */ = {
			isa = XCConfigurationList;
			buildConfigurations = (
				6DC1F8501A73E44E00158D71 /* Debug */,
				6DC1F8511A73E44E00158D71 /* Release */,
			);
			defaultConfigurationIsVisible = 0;
			defaultConfigurationName = Release;
		};
		6DC1F8521A73E44E00158D71 /* Build configuration list for PBXNativeTarget "bpmx3Tests" */ = {
			isa = XCConfigurationList;
			buildConfigurations = (
				6DC1F8531A73E44E00158D71 /* Debug */,
				6DC1F8541A73E44E00158D71 /* Release */,
			);
			defaultConfigurationIsVisible = 0;
			defaultConfigurationName = Release;
		};
/* End XCConfigurationList section */

/* Begin XCVersionGroup section */
		6DC1F8331A73E44E00158D71 /* bpmx3.xcdatamodeld */ = {
			isa = XCVersionGroup;
			children = (
				6DC1F8341A73E44E00158D71 /* bpmx3.xcdatamodel */,
			);
			currentVersion = 6DC1F8341A73E44E00158D71 /* bpmx3.xcdatamodel */;
			path = bpmx3.xcdatamodeld;
			sourceTree = "<group>";
			versionGroupType = wrapper.xcdatamodel;
		};
/* End XCVersionGroup section */
	};
	rootObject = 6DC1F8211A73E44D00158D71 /* Project object */;
}
